<Solution>
  <Folder Name="/Solution Items/">
    <File Path="docker-compose.local.yml" />
    <File Path=".env" />
    <File Path="README.md" />
    <File Path="docker-compose.network.yml" />
    <File Path=".gitignore" />
    <File Path=".github\workflows\deploy.yml" />
    <File Path="docker-compose.pi.yml" />
  </Folder>
  <Folder Name="/src/">
    <Project Path="src\Oikono\Oikono.csproj" Type="C#" />
  </Folder>
  <Folder Name="/test/">
    <Project Path="test\Oikono.UnitTests\Oikono.UnitTests.csproj" Type="C#" />
  </Folder>
</Solution>